{
  "nodes": {
    "devenv": {
      "locked": {
        "dir": "src/modules",
        "lastModified": 1783019250,
        "narHash": "sha256-aopu8Qs3Q0mMPSKIfnCvMpRE59PdADgBAOGuw8gJFmM=",
        "owner": "cachix",
        "repo": "devenv",
        "rev": "44ad0477baf9e18fed3eb32100c7ed018d0c11c7",
        "type": "github"
      },
      "original": {
        "dir": "src/modules",
        "owner": "cachix",
        "repo": "devenv",
        "type": "github"
      }
    },
    "mk-shell-bin": {
      "locked": {
        "lastModified": 1677004959,
        "narHash": "sha256-/uEkr1UkJrh11vD02aqufCxtbF5YnhRTIKlx5kyvf+I=",
        "owner": "rrbutani",
        "repo": "nix-mk-shell-bin",
        "rev": "ff5d8bd4d68a347be5042e2f16caee391cd75887",
        "type": "github"
      },
      "original": {
        "owner": "rrbutani",
        "repo": "nix-mk-shell-bin",
        "type": "github"
      }
    },
    "nix2container": {
      "inputs": {
        "nixpkgs": [
          "nixpkgs"
        ]
      },
      "locked": {
        "lastModified": 1775487831,
        "narHash": "sha256-2lguQpLPQaxpQCJjXhmEEAfabwsAhkP29Z7fgLzHARA=",
        "owner": "nlewo",
        "repo": "nix2container",
        "rev": "76be9608a7f4d6c985d28b0e7be903ae2547df3e",
        "type": "github"
      },
      "original": {
        "owner": "nlewo",
        "repo": "nix2container",
        "type": "github"
      }
    },
    "nixpkgs": {
      "inputs": {
        "nixpkgs-src": "nixpkgs-src"
      },
      "locked": {
        "lastModified": 1782924808,
        "narHash": "sha256-tn2ahNv3ZNXyVHdPx/uw+N0xa7YSMtXUr6OEvu+s8ng=",
        "owner": "cachix",
        "repo": "devenv-nixpkgs",
        "rev": "e2c881cb8d5f1cac6cef9d71f0d450a55691b999",
        "type": "github"
      },
      "original": {
        "owner": "cachix",
        "ref": "rolling",
        "repo": "devenv-nixpkgs",
        "type": "github"
      }
    },
    "nixpkgs-src": {
      "flake": false,
      "locked": {
        "lastModified": 1782636521,
        "narHash": "sha256-OG8laCOGtkxlB1JH3XqOnXxnkGJme4mQdXo5hkhCQIY=",
        "owner": "NixOS",
        "repo": "nixpkgs",
        "rev": "e1c1b84752fb0897897380a3cae9dc7fcab91ca3",
        "type": "github"
      },
      "original": {
        "owner": "NixOS",
        "ref": "nixpkgs-unstable",
        "repo": "nixpkgs",
        "type": "github"
      }
    },
    "root": {
      "inputs": {
        "devenv": "devenv",
        "mk-shell-bin": "mk-shell-bin",
        "nix2container": "nix2container",
        "nixpkgs": "nixpkgs"
      }
    }
  },
  "root": "root",
  "version": 7
}